
Microsoft Visual Studio Solution File, Format Version 12.00
# Visual Studio Version 17
VisualStudioVersion = 17.7.34018.315
MinimumVisualStudioVersion = 10.0.40219.1
Project("{FAE04EC0-301F-11D3-BF4B-00C04F79EFBC}") = "Shop_system", "Shop_system\Shop_system.csproj", "{B4C71BC2-CC57-42A1-8DC6-F251C3989B75}"
EndProject
Global
	GlobalSection(SolutionConfigurationPlatforms) = preSolution
		Debug|Any CPU = Debug|Any CPU
		Release|Any CPU = Release|Any CPU
	EndGlobalSection
	GlobalSection(ProjectConfigurationPlatforms) = postSolution
		{B4C71BC2-CC57-42A1-8DC6-F251C3989B75}.Debug|Any CPU.ActiveCfg = Debug|Any CPU
		{B4C71BC2-CC57-42A1-8DC6-F251C3989B75}.Debug|Any CPU.Build.0 = Debug|Any CPU
		{B4C71BC2-CC57-42A1-8DC6-F251C3989B75}.Release|Any CPU.ActiveCfg = Release|Any CPU
		{B4C71BC2-CC57-42A1-8DC6-F251C3989B75}.Release|Any CPU.Build.0 = Release|Any CPU
	EndGlobalSection
	GlobalSection(SolutionProperties) = preSolution
		HideSolutionNode = FALSE
	EndGlobalSection
	GlobalSection(ExtensibilityGlobals) = postSolution
		SolutionGuid = {60D4705C-AED5-46FC-8A59-23ED1AC66EA2}
	EndGlobalSection
EndGlobal
